// !$*UTF8*$!
{
	archiveVersion = 1;
	classes = {
	};
	objectVersion = 56;
	objects = {

/* Begin PBXBuildFile section */
		013EF8A62C7A7BD400AC32E6 /* Netflix_cloneApp.swift in Sources */ = {isa = PBXBuildFile; fileRef = 013EF8A52C7A7BD400AC32E6 /* Netflix_cloneApp.swift */; };
		013EF8A82C7A7BD400AC32E6 /* ContentView.swift in Sources */ = {isa = PBXBuildFile; fileRef = 013EF8A72C7A7BD400AC32E6 /* ContentView.swift */; };
		013EF8AA2C7A7BD600AC32E6 /* Assets.xcassets in Resources */ = {isa = PBXBuildFile; fileRef = 013EF8A92C7A7BD600AC32E6 /* Assets.xcassets */; };
		013EF8AD2C7A7BD600AC32E6 /* Preview Assets.xcassets in Resources */ = {isa = PBXBuildFile; fileRef = 013EF8AC2C7A7BD600AC32E6 /* Preview Assets.xcassets */; };
		013EF8B72C7A7BD600AC32E6 /* Netflix_cloneTests.swift in Sources */ = {isa = PBXBuildFile; fileRef = 013EF8B62C7A7BD600AC32E6 /* Netflix_cloneTests.swift */; };
		013EF8C12C7A7BD600AC32E6 /* Netflix_cloneUITests.swift in Sources */ = {isa = PBXBuildFile; fileRef = 013EF8C02C7A7BD600AC32E6 /* Netflix_cloneUITests.swift */; };
		013EF8C32C7A7BD600AC32E6 /* Netflix_cloneUITestsLaunchTests.swift in Sources */ = {isa = PBXBuildFile; fileRef = 013EF8C22C7A7BD600AC32E6 /* Netflix_cloneUITestsLaunchTests.swift */; };
/* End PBXBuildFile section */

/* Begin PBXContainerItemProxy section */
		013EF8B32C7A7BD600AC32E6 /* PBXContainerItemProxy */ = {
			isa = PBXContainerItemProxy;
			containerPortal = 013EF89A2C7A7BD400AC32E6 /* Project object */;
			proxyType = 1;
			remoteGlobalIDString = 013EF8A12C7A7BD400AC32E6;
			remoteInfo = "Netflix clone";
		};
		013EF8BD2C7A7BD600AC32E6 /* PBXContainerItemProxy */ = {
			isa = PBXContainerItemProxy;
			containerPortal = 013EF89A2C7A7BD400AC32E6 /* Project object */;
			proxyType = 1;
			remoteGlobalIDString = 013EF8A12C7A7BD400AC32E6;
			remoteInfo = "Netflix clone";
		};
/* End PBXContainerItemProxy section */

/* Begin PBXFileReference section */
		013EF8A22C7A7BD400AC32E6 /* Netflix clone.app */ = {isa = PBXFileReference; explicitFileType = wrapper.application; includeInIndex = 0; path = "Netflix clone.app"; sourceTree = BUILT_PRODUCTS_DIR; };
		013EF8A52C7A7BD400AC32E6 /* Netflix_cloneApp.swift */ = {isa = PBXFileReference; lastKnownFileType = sourcecode.swift; path = Netflix_cloneApp.swift; sourceTree = "<group>"; };
		013EF8A72C7A7BD400AC32E6 /* ContentView.swift */ = {isa = PBXFileReference; lastKnownFileType = sourcecode.swift; path = ContentView.swift; sourceTree = "<group>"; };
		013EF8A92C7A7BD600AC32E6 /* Assets.xcassets */ = {isa = PBXFileReference; lastKnownFileType = folder.assetcatalog; path = Assets.xcassets; sourceTree = "<group>"; };
		013EF8AC2C7A7BD600AC32E6 /* Preview Assets.xcassets */ = {isa = PBXFileReference; lastKnownFileType = folder.assetcatalog; path = "Preview Assets.xcassets"; sourceTree = "<group>"; };
		013EF8B22C7A7BD600AC32E6 /* Netflix cloneTests.xctest */ = {isa = PBXFileReference; explicitFileType = wrapper.cfbundle; includeInIndex = 0; path = "Netflix cloneTests.xctest"; sourceTree = BUILT_PRODUCTS_DIR; };
		013EF8B62C7A7BD600AC32E6 /* Netflix_cloneTests.swift */ = {isa = PBXFileReference; lastKnownFileType = sourcecode.swift; path = Netflix_cloneTests.swift; sourceTree = "<group>"; };
		013EF8BC2C7A7BD600AC32E6 /* Netflix cloneUITests.xctest */ = {isa = PBXFileReference; explicitFileType = wrapper.cfbundle; includeInIndex = 0; path = "Netflix cloneUITests.xctest"; sourceTree = BUILT_PRODUCTS_DIR; };
		013EF8C02C7A7BD600AC32E6 /* Netflix_cloneUITests.swift */ = {isa = PBXFileReference; lastKnownFileType = sourcecode.swift; path = Netflix_cloneUITests.swift; sourceTree = "<group>"; };
		013EF8C22C7A7BD600AC32E6 /* Netflix_cloneUITestsLaunchTests.swift */ = {isa = PBXFileReference; lastKnownFileType = sourcecode.swift; path = Netflix_cloneUITestsLaunchTests.swift; sourceTree = "<group>"; };
/* End PBXFileReference section */

/* Begin PBXFrameworksBuildPhase section */
		013EF89F2C7A7BD400AC32E6 /* Frameworks */ = {
			isa = PBXFrameworksBuildPhase;
			buildActionMask = 2147483647;
			files = (
			);
			runOnlyForDeploymentPostprocessing = 0;
		};
		013EF8AF2C7A7BD600AC32E6 /* Frameworks */ = {
			isa = PBXFrameworksBuildPhase;
			buildActionMask = 2147483647;
			files = (
			);
			runOnlyForDeploymentPostprocessing = 0;
		};
		013EF8B92C7A7BD600AC32E6 /* Frameworks */ = {
			isa = PBXFrameworksBuildPhase;
			buildActionMask = 2147483647;
			files = (
			);
			runOnlyForDeploymentPostprocessing = 0;
		};
/* End PBXFrameworksBuildPhase section */

/* Begin PBXGroup section */
		013EF8992C7A7BD400AC32E6 = {
			isa = PBXGroup;
			children = (
				013EF8A42C7A7BD400AC32E6 /* Netflix clone */,
				013EF8B52C7A7BD600AC32E6 /* Netflix cloneTests */,
				013EF8BF2C7A7BD600AC32E6 /* Netflix cloneUITests */,
				013EF8A32C7A7BD400AC32E6 /* Products */,
			);
			sourceTree = "<group>";
		};
		013EF8A32C7A7BD400AC32E6 /* Products */ = {
			isa = PBXGroup;
			children = (
				013EF8A22C7A7BD400AC32E6 /* Netflix clone.app */,
				013EF8B22C7A7BD600AC32E6 /* Netflix cloneTests.xctest */,
				013EF8BC2C7A7BD600AC32E6 /* Netflix cloneUITests.xctest */,
			);
			name = Products;
			sourceTree = "<group>";
		};
		013EF8A42C7A7BD400AC32E6 /* Netflix clone */ = {
			isa = PBXGroup;
			children = (
				013EF8A52C7A7BD400AC32E6 /* Netflix_cloneApp.swift */,
				013EF8A72C7A7BD400AC32E6 /* ContentView.swift */,
				013EF8A92C7A7BD600AC32E6 /* Assets.xcassets */,
				013EF8AB2C7A7BD600AC32E6 /* Preview Content */,
			);
			path = "Netflix clone";
			sourceTree = "<group>";
		};
		013EF8AB2C7A7BD600AC32E6 /* Preview Content */ = {
			isa = PBXGroup;
			children = (
				013EF8AC2C7A7BD600AC32E6 /* Preview Assets.xcassets */,
			);
			path = "Preview Content";
			sourceTree = "<group>";
		};
		013EF8B52C7A7BD600AC32E6 /* Netflix cloneTests */ = {
			isa = PBXGroup;
			children = (
				013EF8B62C7A7BD600AC32E6 /* Netflix_cloneTests.swift */,
			);
			path = "Netflix cloneTests";
			sourceTree = "<group>";
		};
		013EF8BF2C7A7BD600AC32E6 /* Netflix cloneUITests */ = {
			isa = PBXGroup;
			children = (
				013EF8C02C7A7BD600AC32E6 /* Netflix_cloneUITests.swift */,
				013EF8C22C7A7BD600AC32E6 /* Netflix_cloneUITestsLaunchTests.swift */,
			);
			path = "Netflix cloneUITests";
			sourceTree = "<group>";
		};
/* End PBXGroup section */

/* Begin PBXNativeTarget section */
		013EF8A12C7A7BD400AC32E6 /* Netflix clone */ = {
			isa = PBXNativeTarget;
			buildConfigurationList = 013EF8C62C7A7BD600AC32E6 /* Build configuration list for PBXNativeTarget "Netflix clone" */;
			buildPhases = (
				013EF89E2C7A7BD400AC32E6 /* Sources */,
				013EF89F2C7A7BD400AC32E6 /* Frameworks */,
				013EF8A02C7A7BD400AC32E6 /* Resources */,
			);
			buildRules = (
			);
			dependencies = (
			);
			name = "Netflix clone";
			productName = "Netflix clone";
			productReference = 013EF8A22C7A7BD400AC32E6 /* Netflix clone.app */;
			productType = "com.apple.product-type.application";
		};
		013EF8B12C7A7BD600AC32E6 /* Netflix cloneTests */ = {
			isa = PBXNativeTarget;
			buildConfigurationList = 013EF8C92C7A7BD600AC32E6 /* Build configuration list for PBXNativeTarget "Netflix cloneTests" */;
			buildPhases = (
				013EF8AE2C7A7BD600AC32E6 /* Sources */,
				013EF8AF2C7A7BD600AC32E6 /* Frameworks */,
				013EF8B02C7A7BD600AC32E6 /* Resources */,
			);
			buildRules = (
			);
			dependencies = (
				013EF8B42C7A7BD600AC32E6 /* PBXTargetDependency */,
			);
			name = "Netflix cloneTests";
			productName = "Netflix cloneTests";
			productReference = 013EF8B22C7A7BD600AC32E6 /* Netflix cloneTests.xctest */;
			productType = "com.apple.product-type.bundle.unit-test";
		};
		013EF8BB2C7A7BD600AC32E6 /* Netflix cloneUITests */ = {
			isa = PBXNativeTarget;
			buildConfigurationList = 013EF8CC2C7A7BD600AC32E6 /* Build configuration list for PBXNativeTarget "Netflix cloneUITests" */;
			buildPhases = (
				013EF8B82C7A7BD600AC32E6 /* Sources */,
				013EF8B92C7A7BD600AC32E6 /* Frameworks */,
				013EF8BA2C7A7BD600AC32E6 /* Resources */,
			);
			buildRules = (
			);
			dependencies = (
				013EF8BE2C7A7BD600AC32E6 /* PBXTargetDependency */,
			);
			name = "Netflix cloneUITests";
			productName = "Netflix cloneUITests";
			productReference = 013EF8BC2C7A7BD600AC32E6 /* Netflix cloneUITests.xctest */;
			productType = "com.apple.product-type.bundle.ui-testing";
		};
/* End PBXNativeTarget section */

/* Begin PBXProject section */
		013EF89A2C7A7BD400AC32E6 /* Project object */ = {
			isa = PBXProject;
			attributes = {
				BuildIndependentTargetsInParallel = 1;
				LastSwiftUpdateCheck = 1540;
				LastUpgradeCheck = 1540;
				TargetAttributes = {
					013EF8A12C7A7BD400AC32E6 = {
						CreatedOnToolsVersion = 15.4;
					};
					013EF8B12C7A7BD600AC32E6 = {
						CreatedOnToolsVersion = 15.4;
						TestTargetID = 013EF8A12C7A7BD400AC32E6;
					};
					013EF8BB2C7A7BD600AC32E6 = {
						CreatedOnToolsVersion = 15.4;
						TestTargetID = 013EF8A12C7A7BD400AC32E6;
					};
				};
			};
			buildConfigurationList = 013EF89D2C7A7BD400AC32E6 /* Build configuration list for PBXProject "Netflix clone" */;
			compatibilityVersion = "Xcode 14.0";
			developmentRegion = en;
			hasScannedForEncodings = 0;
			knownRegions = (
				en,
				Base,
			);
			mainGroup = 013EF8992C7A7BD400AC32E6;
			productRefGroup = 013EF8A32C7A7BD400AC32E6 /* Products */;
			projectDirPath = "";
			projectRoot = "";
			targets = (
				013EF8A12C7A7BD400AC32E6 /* Netflix clone */,
				013EF8B12C7A7BD600AC32E6 /* Netflix cloneTests */,
				013EF8BB2C7A7BD600AC32E6 /* Netflix cloneUITests */,
			);
		};
/* End PBXProject section */

/* Begin PBXResourcesBuildPhase section */
		013EF8A02C7A7BD400AC32E6 /* Resources */ = {
			isa = PBXResourcesBuildPhase;
			buildActionMask = 2147483647;
			files = (
				013EF8AD2C7A7BD600AC32E6 /* Preview Assets.xcassets in Resources */,
				013EF8AA2C7A7BD600AC32E6 /* Assets.xcassets in Resources */,
			);
			runOnlyForDeploymentPostprocessing = 0;
		};
		013EF8B02C7A7BD600AC32E6 /* Resources */ = {
			isa = PBXResourcesBuildPhase;
			buildActionMask = 2147483647;
			files = (
			);
			runOnlyForDeploymentPostprocessing = 0;
		};
		013EF8BA2C7A7BD600AC32E6 /* Resources */ = {
			isa = PBXResourcesBuildPhase;
			buildActionMask = 2147483647;
			files = (
			);
			runOnlyForDeploymentPostprocessing = 0;
		};
/* End PBXResourcesBuildPhase section */

/* Begin PBXSourcesBuildPhase section */
		013EF89E2C7A7BD400AC32E6 /* Sources */ = {
			isa = PBXSourcesBuildPhase;
			buildActionMask = 2147483647;
			files = (
				013EF8A82C7A7BD400AC32E6 /* ContentView.swift in Sources */,
				013EF8A62C7A7BD400AC32E6 /* Netflix_cloneApp.swift in Sources */,
			);
			runOnlyForDeploymentPostprocessing = 0;
		};
		013EF8AE2C7A7BD600AC32E6 /* Sources */ = {
			isa = PBXSourcesBuildPhase;
			buildActionMask = 2147483647;
			files = (
				013EF8B72C7A7BD600AC32E6 /* Netflix_cloneTests.swift in Sources */,
			);
			runOnlyForDeploymentPostprocessing = 0;
		};
		013EF8B82C7A7BD600AC32E6 /* Sources */ = {
			isa = PBXSourcesBuildPhase;
			buildActionMask = 2147483647;
			files = (
				013EF8C12C7A7BD600AC32E6 /* Netflix_cloneUITests.swift in Sources */,
				013EF8C32C7A7BD600AC32E6 /* Netflix_cloneUITestsLaunchTests.swift in Sources */,
			);
			runOnlyForDeploymentPostprocessing = 0;
		};
/* End PBXSourcesBuildPhase section */

/* Begin PBXTargetDependency section */
		013EF8B42C7A7BD600AC32E6 /* PBXTargetDependency */ = {
			isa = PBXTargetDependency;
			target = 013EF8A12C7A7BD400AC32E6 /* Netflix clone */;
			targetProxy = 013EF8B32C7A7BD600AC32E6 /* PBXContainerItemProxy */;
		};
		013EF8BE2C7A7BD600AC32E6 /* PBXTargetDependency */ = {
			isa = PBXTargetDependency;
			target = 013EF8A12C7A7BD400AC32E6 /* Netflix clone */;
			targetProxy = 013EF8BD2C7A7BD600AC32E6 /* PBXContainerItemProxy */;
		};
/* End PBXTargetDependency section */

/* Begin XCBuildConfiguration section */
		013EF8C42C7A7BD600AC32E6 /* Debug */ = {
			isa = XCBuildConfiguration;
			buildSettings = {
				ALWAYS_SEARCH_USER_PATHS = NO;
				ASSETCATALOG_COMPILER_GENERATE_SWIFT_ASSET_SYMBOL_EXTENSIONS = YES;
				CLANG_ANALYZER_NONNULL = YES;
				CLANG_ANALYZER_NUMBER_OBJECT_CONVERSION = YES_AGGRESSIVE;
				CLANG_CXX_LANGUAGE_STANDARD = "gnu++20";
				CLANG_ENABLE_MODULES = YES;
				CLANG_ENABLE_OBJC_ARC = YES;
				CLANG_ENABLE_OBJC_WEAK = YES;
				CLANG_WARN_BLOCK_CAPTURE_AUTORELEASING = YES;
				CLANG_WARN_BOOL_CONVERSION = YES;
				CLANG_WARN_COMMA = YES;
				CLANG_WARN_CONSTANT_CONVERSION = YES;
				CLANG_WARN_DEPRECATED_OBJC_IMPLEMENTATIONS = YES;
				CLANG_WARN_DIRECT_OBJC_ISA_USAGE = YES_ERROR;
				CLANG_WARN_DOCUMENTATION_COMMENTS = YES;
				CLANG_WARN_EMPTY_BODY = YES;
				CLANG_WARN_ENUM_CONVERSION = YES;
				CLANG_WARN_INFINITE_RECURSION = YES;
				CLANG_WARN_INT_CONVERSION = YES;
				CLANG_WARN_NON_LITERAL_NULL_CONVERSION = YES;
				CLANG_WARN_OBJC_IMPLICIT_RETAIN_SELF = YES;
				CLANG_WARN_OBJC_LITERAL_CONVERSION = YES;
				CLANG_WARN_OBJC_ROOT_CLASS = YES_ERROR;
				CLANG_WARN_QUOTED_INCLUDE_IN_FRAMEWORK_HEADER = YES;
				CLANG_WARN_RANGE_LOOP_ANALYSIS = YES;
				CLANG_WARN_STRICT_PROTOTYPES = YES;
				CLANG_WARN_SUSPICIOUS_MOVE = YES;
				CLANG_WARN_UNGUARDED_AVAILABILITY = YES_AGGRESSIVE;
				CLANG_WARN_UNREACHABLE_CODE = YES;
				CLANG_WARN__DUPLICATE_METHOD_MATCH = YES;
				COPY_PHASE_STRIP = NO;
				DEBUG_INFORMATION_FORMAT = dwarf;
				ENABLE_STRICT_OBJC_MSGSEND = YES;
				ENABLE_TESTABILITY = YES;
				ENABLE_USER_SCRIPT_SANDBOXING = YES;
				GCC_C_LANGUAGE_STANDARD = gnu17;
				GCC_DYNAMIC_NO_PIC = NO;
				GCC_NO_COMMON_BLOCKS = YES;
				GCC_OPTIMIZATION_LEVEL = 0;
				GCC_PREPROCESSOR_DEFINITIONS = (
					"DEBUG=1",
					"$(inherited)",
				);
				GCC_WARN_64_TO_32_BIT_CONVERSION = YES;
				GCC_WARN_ABOUT_RETURN_TYPE = YES_ERROR;
				GCC_WARN_UNDECLARED_SELECTOR = YES;
				GCC_WARN_UNINITIALIZED_AUTOS = YES_AGGRESSIVE;
				GCC_WARN_UNUSED_FUNCTION = YES;
				GCC_WARN_UNUSED_VARIABLE = YES;
				IPHONEOS_DEPLOYMENT_TARGET = 17.5;
				LOCALIZATION_PREFERS_STRING_CATALOGS = YES;
				MTL_ENABLE_DEBUG_INFO = INCLUDE_SOURCE;
				MTL_FAST_MATH = YES;
				ONLY_ACTIVE_ARCH = YES;
				SDKROOT = iphoneos;
				SWIFT_ACTIVE_COMPILATION_CONDITIONS = "DEBUG $(inherited)";
				SWIFT_OPTIMIZATION_LEVEL = "-Onone";
			};
			name = Debug;
		};
		013EF8C52C7A7BD600AC32E6 /* Release */ = {
			isa = XCBuildConfiguration;
			buildSettings = {
				ALWAYS_SEARCH_USER_PATHS = NO;
				ASSETCATALOG_COMPILER_GENERATE_SWIFT_ASSET_SYMBOL_EXTENSIONS = YES;
				CLANG_ANALYZER_NONNULL = YES;
				CLANG_ANALYZER_NUMBER_OBJECT_CONVERSION = YES_AGGRESSIVE;
				CLANG_CXX_LANGUAGE_STANDARD = "gnu++20";
				CLANG_ENABLE_MODULES = YES;
				CLANG_ENABLE_OBJC_ARC = YES;
				CLANG_ENABLE_OBJC_WEAK = YES;
				CLANG_WARN_BLOCK_CAPTURE_AUTORELEASING = YES;
				CLANG_WARN_BOOL_CONVERSION = YES;
				CLANG_WARN_COMMA = YES;
				CLANG_WARN_CONSTANT_CONVERSION = YES;
				CLANG_WARN_DEPRECATED_OBJC_IMPLEMENTATIONS = YES;
				CLANG_WARN_DIRECT_OBJC_ISA_USAGE = YES_ERROR;
				CLANG_WARN_DOCUMENTATION_COMMENTS = YES;
				CLANG_WARN_EMPTY_BODY = YES;
				CLANG_WARN_ENUM_CONVERSION = YES;
				CLANG_WARN_INFINITE_RECURSION = YES;
				CLANG_WARN_INT_CONVERSION = YES;
				CLANG_WARN_NON_LITERAL_NULL_CONVERSION = YES;
				CLANG_WARN_OBJC_IMPLICIT_RETAIN_SELF = YES;
				CLANG_WARN_OBJC_LITERAL_CONVERSION = YES;
				CLANG_WARN_OBJC_ROOT_CLASS = YES_ERROR;
				CLANG_WARN_QUOTED_INCLUDE_IN_FRAMEWORK_HEADER = YES;
				CLANG_WARN_RANGE_LOOP_ANALYSIS = YES;
				CLANG_WARN_STRICT_PROTOTYPES = YES;
				CLANG_WARN_SUSPICIOUS_MOVE = YES;
				CLANG_WARN_UNGUARDED_AVAILABILITY = YES_AGGRESSIVE;
				CLANG_WARN_UNREACHABLE_CODE = YES;
				CLANG_WARN__DUPLICATE_METHOD_MATCH = YES;
				COPY_PHASE_STRIP = NO;
				DEBUG_INFORMATION_FORMAT = "dwarf-with-dsym";
				ENABLE_NS_ASSERTIONS = NO;
				ENABLE_STRICT_OBJC_MSGSEND = YES;
				ENABLE_USER_SCRIPT_SANDBOXING = YES;
				GCC_C_LANGUAGE_STANDARD = gnu17;
				GCC_NO_COMMON_BLOCKS = YES;
				GCC_WARN_64_TO_32_BIT_CONVERSION = YES;
				GCC_WARN_ABOUT_RETURN_TYPE = YES_ERROR;
				GCC_WARN_UNDECLARED_SELECTOR = YES;
				GCC_WARN_UNINITIALIZED_AUTOS = YES_AGGRESSIVE;
				GCC_WARN_UNUSED_FUNCTION = YES;
				GCC_WARN_UNUSED_VARIABLE = YES;
				IPHONEOS_DEPLOYMENT_TARGET = 17.5;
				LOCALIZATION_PREFERS_STRING_CATALOGS = YES;
				MTL_ENABLE_DEBUG_INFO = NO;
				MTL_FAST_MATH = YES;
				SDKROOT = iphoneos;
				SWIFT_COMPILATION_MODE = wholemodule;
				VALIDATE_PRODUCT = YES;
			};
			name = Release;
		};
		013EF8C72C7A7BD600AC32E6 /* Debug */ = {
			isa = XCBuildConfiguration;
			buildSettings = {
				ASSETCATALOG_COMPILER_APPICON_NAME = AppIcon;
				ASSETCATALOG_COMPILER_GLOBAL_ACCENT_COLOR_NAME = AccentColor;
				CODE_SIGN_STYLE = Automatic;
				CURRENT_PROJECT_VERSION = 1;
				DEVELOPMENT_ASSET_PATHS = "\"Netflix clone/Preview Content\"";
				DEVELOPMENT_TEAM = 262AZKDPMG;
				ENABLE_PREVIEWS = YES;
				GENERATE_INFOPLIST_FILE = YES;
				INFOPLIST_KEY_UIApplicationSceneManifest_Generation = YES;
				INFOPLIST_KEY_UIApplicationSupportsIndirectInputEvents = YES;
				INFOPLIST_KEY_UILaunchScreen_Generation = YES;
				INFOPLIST_KEY_UISupportedInterfaceOrientations_iPad = "UIInterfaceOrientationPortrait UIInterfaceOrientationPortraitUpsideDown UIInterfaceOrientationLandscapeLeft UIInterfaceOrientationLandscapeRight";
				INFOPLIST_KEY_UISupportedInterfaceOrientations_iPhone = "UIInterfaceOrientationPortrait UIInterfaceOrientationLandscapeLeft UIInterfaceOrientationLandscapeRight";
				LD_RUNPATH_SEARCH_PATHS = (
					"$(inherited)",
					"@executable_path/Frameworks",
				);
				MARKETING_VERSION = 1.0;
				PRODUCT_BUNDLE_IDENTIFIER = "zakaria-lachkar.Netflix-clone";
				PRODUCT_NAME = "$(TARGET_NAME)";
				SWIFT_EMIT_LOC_STRINGS = YES;
				SWIFT_VERSION = 5.0;
				TARGETED_DEVICE_FAMILY = "1,2";
			};
			name = Debug;
		};
		013EF8C82C7A7BD600AC32E6 /* Release */ = {
			isa = XCBuildConfiguration;
			buildSettings = {
				ASSETCATALOG_COMPILER_APPICON_NAME = AppIcon;
				ASSETCATALOG_COMPILER_GLOBAL_ACCENT_COLOR_NAME = AccentColor;
				CODE_SIGN_STYLE = Automatic;
				CURRENT_PROJECT_VERSION = 1;
				DEVELOPMENT_ASSET_PATHS = "\"Netflix clone/Preview Content\"";
				DEVELOPMENT_TEAM = 262AZKDPMG;
				ENABLE_PREVIEWS = YES;
				GENERATE_INFOPLIST_FILE = YES;
				INFOPLIST_KEY_UIApplicationSceneManifest_Generation = YES;
				INFOPLIST_KEY_UIApplicationSupportsIndirectInputEvents = YES;
				INFOPLIST_KEY_UILaunchScreen_Generation = YES;
				INFOPLIST_KEY_UISupportedInterfaceOrientations_iPad = "UIInterfaceOrientationPortrait UIInterfaceOrientationPortraitUpsideDown UIInterfaceOrientationLandscapeLeft UIInterfaceOrientationLandscapeRight";
				INFOPLIST_KEY_UISupportedInterfaceOrientations_iPhone = "UIInterfaceOrientationPortrait UIInterfaceOrientationLandscapeLeft UIInterfaceOrientationLandscapeRight";
				LD_RUNPATH_SEARCH_PATHS = (
					"$(inherited)",
					"@executable_path/Frameworks",
				);
				MARKETING_VERSION = 1.0;
				PRODUCT_BUNDLE_IDENTIFIER = "zakaria-lachkar.Netflix-clone";
				PRODUCT_NAME = "$(TARGET_NAME)";
				SWIFT_EMIT_LOC_STRINGS = YES;
				SWIFT_VERSION = 5.0;
				TARGETED_DEVICE_FAMILY = "1,2";
			};
			name = Release;
		};
		013EF8CA2C7A7BD600AC32E6 /* Debug */ = {
			isa = XCBuildConfiguration;
			buildSettings = {
				ALWAYS_EMBED_SWIFT_STANDARD_LIBRARIES = YES;
				BUNDLE_LOADER = "$(TEST_HOST)";
				CODE_SIGN_STYLE = Automatic;
				CURRENT_PROJECT_VERSION = 1;
				DEVELOPMENT_TEAM = 262AZKDPMG;
				GENERATE_INFOPLIST_FILE = YES;
				IPHONEOS_DEPLOYMENT_TARGET = 17.5;
				MARKETING_VERSION = 1.0;
				PRODUCT_BUNDLE_IDENTIFIER = "zakaria-lachkar.Netflix-cloneTests";
				PRODUCT_NAME = "$(TARGET_NAME)";
				SWIFT_EMIT_LOC_STRINGS = NO;
				SWIFT_VERSION = 5.0;
				TARGETED_DEVICE_FAMILY = "1,2";
				TEST_HOST = "$(BUILT_PRODUCTS_DIR)/Netflix clone.app/$(BUNDLE_EXECUTABLE_FOLDER_PATH)/Netflix clone";
			};
			name = Debug;
		};
		013EF8CB2C7A7BD600AC32E6 /* Release */ = {
			isa = XCBuildConfiguration;
			buildSettings = {
				ALWAYS_EMBED_SWIFT_STANDARD_LIBRARIES = YES;
				BUNDLE_LOADER = "$(TEST_HOST)";
				CODE_SIGN_STYLE = Automatic;
				CURRENT_PROJECT_VERSION = 1;
				DEVELOPMENT_TEAM = 262AZKDPMG;
				GENERATE_INFOPLIST_FILE = YES;
				IPHONEOS_DEPLOYMENT_TARGET = 17.5;
				MARKETING_VERSION = 1.0;
				PRODUCT_BUNDLE_IDENTIFIER = "zakaria-lachkar.Netflix-cloneTests";
				PRODUCT_NAME = "$(TARGET_NAME)";
				SWIFT_EMIT_LOC_STRINGS = NO;
				SWIFT_VERSION = 5.0;
				TARGETED_DEVICE_FAMILY = "1,2";
				TEST_HOST = "$(BUILT_PRODUCTS_DIR)/Netflix clone.app/$(BUNDLE_EXECUTABLE_FOLDER_PATH)/Netflix clone";
			};
			name = Release;
		};
		013EF8CD2C7A7BD600AC32E6 /* Debug */ = {
			isa = XCBuildConfiguration;
			buildSettings = {
				ALWAYS_EMBED_SWIFT_STANDARD_LIBRARIES = YES;
				CODE_SIGN_STYLE = Automatic;
				CURRENT_PROJECT_VERSION = 1;
				DEVELOPMENT_TEAM = 262AZKDPMG;
				GENERATE_INFOPLIST_FILE = YES;
				MARKETING_VERSION = 1.0;
				PRODUCT_BUNDLE_IDENTIFIER = "zakaria-lachkar.Netflix-cloneUITests";
				PRODUCT_NAME = "$(TARGET_NAME)";
				SWIFT_EMIT_LOC_STRINGS = NO;
				SWIFT_VERSION = 5.0;
				TARGETED_DEVICE_FAMILY = "1,2";
				TEST_TARGET_NAME = "Netflix clone";
			};
			name = Debug;
		};
		013EF8CE2C7A7BD600AC32E6 /* Release */ = {
			isa = XCBuildConfiguration;
			buildSettings = {
				ALWAYS_EMBED_SWIFT_STANDARD_LIBRARIES = YES;
				CODE_SIGN_STYLE = Automatic;
				CURRENT_PROJECT_VERSION = 1;
				DEVELOPMENT_TEAM = 262AZKDPMG;
				GENERATE_INFOPLIST_FILE = YES;
				MARKETING_VERSION = 1.0;
				PRODUCT_BUNDLE_IDENTIFIER = "zakaria-lachkar.Netflix-cloneUITests";
				PRODUCT_NAME = "$(TARGET_NAME)";
				SWIFT_EMIT_LOC_STRINGS = NO;
				SWIFT_VERSION = 5.0;
				TARGETED_DEVICE_FAMILY = "1,2";
				TEST_TARGET_NAME = "Netflix clone";
			};
			name = Release;
		};
/* End XCBuildConfiguration section */

/* Begin XCConfigurationList section */
		013EF89D2C7A7BD400AC32E6 /* Build configuration list for PBXProject "Netflix clone" */ = {
			isa = XCConfigurationList;
			buildConfigurations = (
				013EF8C42C7A7BD600AC32E6 /* Debug */,
				013EF8C52C7A7BD600AC32E6 /* Release */,
			);
			defaultConfigurationIsVisible = 0;
			defaultConfigurationName = Release;
		};
		013EF8C62C7A7BD600AC32E6 /* Build configuration list for PBXNativeTarget "Netflix clone" */ = {
			isa = XCConfigurationList;
			buildConfigurations = (
				013EF8C72C7A7BD600AC32E6 /* Debug */,
				013EF8C82C7A7BD600AC32E6 /* Release */,
			);
			defaultConfigurationIsVisible = 0;
			defaultConfigurationName = Release;
		};
		013EF8C92C7A7BD600AC32E6 /* Build configuration list for PBXNativeTarget "Netflix cloneTests" */ = {
			isa = XCConfigurationList;
			buildConfigurations = (
				013EF8CA2C7A7BD600AC32E6 /* Debug */,
				013EF8CB2C7A7BD600AC32E6 /* Release */,
			);
			defaultConfigurationIsVisible = 0;
			defaultConfigurationName = Release;
		};
		013EF8CC2C7A7BD600AC32E6 /* Build configuration list for PBXNativeTarget "Netflix cloneUITests" */ = {
			isa = XCConfigurationList;
			buildConfigurations = (
				013EF8CD2C7A7BD600AC32E6 /* Debug */,
				013EF8CE2C7A7BD600AC32E6 /* Release */,
			);
			defaultConfigurationIsVisible = 0;
			defaultConfigurationName = Release;
		};
/* End XCConfigurationList section */
	};
	rootObject = 013EF89A2C7A7BD400AC32E6 /* Project object */;
}
